Microsoft Visual Studio Solution File, Format Version 12.00
# Visual Studio Version 17
VisualStudioVersion = 17.5.2.0
MinimumVisualStudioVersion = 10.0.40219.1
Project("{FAE04EC0-301F-11D3-BF4B-00C04F79EFBC}") = "BookCatalogApp", "BookCatalogApp\BookCatalogApp.csproj", "{61455DC7-898E-4E0B-16A0-7D59ADF67FD9}"
EndProject
Global
	GlobalSection(SolutionConfigurationPlatforms) = preSolution
		Debug|Any CPU = Debug|Any CPU
		Release|Any CPU = Release|Any CPU
	EndGlobalSection
	GlobalSection(ProjectConfigurationPlatforms) = postSolution
		{61455DC7-898E-4E0B-16A0-7D59ADF67FD9}.Debug|Any CPU.ActiveCfg = Debug|Any CPU
		{61455DC7-898E-4E0B-16A0-7D59ADF67FD9}.Debug|Any CPU.Build.0 = Debug|Any CPU
		{61455DC7-898E-4E0B-16A0-7D59ADF67FD9}.Release|Any CPU.ActiveCfg = Release|Any CPU
		{61455DC7-898E-4E0B-16A0-7D59ADF67FD9}.Release|Any CPU.Build.0 = Release|Any CPU
	EndGlobalSection
	GlobalSection(SolutionProperties) = preSolution
		HideSolutionNode = FALSE
	EndGlobalSection
	GlobalSection(ExtensibilityGlobals) = postSolution
		SolutionGuid = {2B3D1E85-5FDA-4ACF-9176-88F5224F0A43}
	EndGlobalSection
EndGlobal
